
Microsoft Visual Studio Solution File, Format Version 12.00
# Visual Studio Version 16
VisualStudioVersion = 16.0.30309.148
MinimumVisualStudioVersion = 10.0.40219.1
Project("{9A19103F-16F7-4668-BE54-9A1E7A4F7556}") = "StrengthFaithHope.Domain", "StrengthFaithHope.Domain\StrengthFaithHope.Domain.csproj", "{DAE671AB-DB56-46C3-A433-77448178FB28}"
EndProject
Project("{2150E333-8FDC-42A3-9474-1A3956D46DE8}") = "1-Web", "1-Web", "{80A50578-D82C-4BC7-9883-5512DB0E4627}"
EndProject
Project("{2150E333-8FDC-42A3-9474-1A3956D46DE8}") = "2-Domain", "2-Domain", "{05BC4CAF-7CF2-46D0-88A4-9BEA5ABEC52E}"
EndProject
Project("{2150E333-8FDC-42A3-9474-1A3956D46DE8}") = "3-Infrastructure", "3-Infrastructure", "{7E193A0C-E8A5-4F65-9B55-C9D8D66192BD}"
EndProject
Project("{2150E333-8FDC-42A3-9474-1A3956D46DE8}") = "4-Test", "4-Test", "{538F11D4-721D-4DEC-B491-6D2E76C6B957}"
EndProject
Project("{2150E333-8FDC-42A3-9474-1A3956D46DE8}") = "5-Database", "5-Database", "{7BB93B60-FA85-4B7E-A654-E46498AC2E48}"
EndProject
Project("{9A19103F-16F7-4668-BE54-9A1E7A4F7556}") = "StrengthFaithHope.Tests", "UnitTestProject1\StrengthFaithHope.Tests.csproj", "{1454832D-B4F3-47D6-B49D-B499E4E16BC6}"
EndProject
Project("{9A19103F-16F7-4668-BE54-9A1E7A4F7556}") = "StrengthFaithHope.API", "StrengthFaithHope.API\StrengthFaithHope.API.csproj", "{12FC9661-A3A4-4DC6-BE53-F391454800CF}"
EndProject
Project("{9A19103F-16F7-4668-BE54-9A1E7A4F7556}") = "StrengthFaithHope.Infra", "StrengthFaithHope.InfraEstructure\StrengthFaithHope.Infra.csproj", "{70D2C759-8999-4207-83A8-0E34156929EC}"
EndProject
Project("{2150E333-8FDC-42A3-9474-1A3956D46DE8}") = "Services", "Services", "{9535172C-318B-4061-A047-DC99B3E2E9EE}"
EndProject
Project("{2150E333-8FDC-42A3-9474-1A3956D46DE8}") = "WebApp", "WebApp", "{5DF1A09A-AC0B-46CA-AA52-F7A60286CE43}"
EndProject
Project("{9A19103F-16F7-4668-BE54-9A1E7A4F7556}") = "StrengthFaithHope.WebApp", "StrengthFaithHope.WebApp\StrengthFaithHope.WebApp.csproj", "{E325DA17-D05F-4A83-ACAB-8C7DDBA758A0}"
EndProject
Global
	GlobalSection(SolutionConfigurationPlatforms) = preSolution
		Debug|Any CPU = Debug|Any CPU
		Release|Any CPU = Release|Any CPU
	EndGlobalSection
	GlobalSection(ProjectConfigurationPlatforms) = postSolution
		{DAE671AB-DB56-46C3-A433-77448178FB28}.Debug|Any CPU.ActiveCfg = Debug|Any CPU
		{DAE671AB-DB56-46C3-A433-77448178FB28}.Debug|Any CPU.Build.0 = Debug|Any CPU
		{DAE671AB-DB56-46C3-A433-77448178FB28}.Release|Any CPU.ActiveCfg = Release|Any CPU
		{DAE671AB-DB56-46C3-A433-77448178FB28}.Release|Any CPU.Build.0 = Release|Any CPU
		{1454832D-B4F3-47D6-B49D-B499E4E16BC6}.Debug|Any CPU.ActiveCfg = Debug|Any CPU
		{1454832D-B4F3-47D6-B49D-B499E4E16BC6}.Debug|Any CPU.Build.0 = Debug|Any CPU
		{1454832D-B4F3-47D6-B49D-B499E4E16BC6}.Release|Any CPU.ActiveCfg = Release|Any CPU
		{1454832D-B4F3-47D6-B49D-B499E4E16BC6}.Release|Any CPU.Build.0 = Release|Any CPU
		{12FC9661-A3A4-4DC6-BE53-F391454800CF}.Debug|Any CPU.ActiveCfg = Debug|Any CPU
		{12FC9661-A3A4-4DC6-BE53-F391454800CF}.Debug|Any CPU.Build.0 = Debug|Any CPU
		{12FC9661-A3A4-4DC6-BE53-F391454800CF}.Release|Any CPU.ActiveCfg = Release|Any CPU
		{12FC9661-A3A4-4DC6-BE53-F391454800CF}.Release|Any CPU.Build.0 = Release|Any CPU
		{70D2C759-8999-4207-83A8-0E34156929EC}.Debug|Any CPU.ActiveCfg = Debug|Any CPU
		{70D2C759-8999-4207-83A8-0E34156929EC}.Debug|Any CPU.Build.0 = Debug|Any CPU
		{70D2C759-8999-4207-83A8-0E34156929EC}.Release|Any CPU.ActiveCfg = Release|Any CPU
		{70D2C759-8999-4207-83A8-0E34156929EC}.Release|Any CPU.Build.0 = Release|Any CPU
		{E325DA17-D05F-4A83-ACAB-8C7DDBA758A0}.Debug|Any CPU.ActiveCfg = Debug|Any CPU
		{E325DA17-D05F-4A83-ACAB-8C7DDBA758A0}.Debug|Any CPU.Build.0 = Debug|Any CPU
		{E325DA17-D05F-4A83-ACAB-8C7DDBA758A0}.Release|Any CPU.ActiveCfg = Release|Any CPU
		{E325DA17-D05F-4A83-ACAB-8C7DDBA758A0}.Release|Any CPU.Build.0 = Release|Any CPU
	EndGlobalSection
	GlobalSection(SolutionProperties) = preSolution
		HideSolutionNode = FALSE
	EndGlobalSection
	GlobalSection(NestedProjects) = preSolution
		{DAE671AB-DB56-46C3-A433-77448178FB28} = {05BC4CAF-7CF2-46D0-88A4-9BEA5ABEC52E}
		{80A50578-D82C-4BC7-9883-5512DB0E4627} = {9535172C-318B-4061-A047-DC99B3E2E9EE}
		{05BC4CAF-7CF2-46D0-88A4-9BEA5ABEC52E} = {9535172C-318B-4061-A047-DC99B3E2E9EE}
		{7E193A0C-E8A5-4F65-9B55-C9D8D66192BD} = {9535172C-318B-4061-A047-DC99B3E2E9EE}
		{538F11D4-721D-4DEC-B491-6D2E76C6B957} = {9535172C-318B-4061-A047-DC99B3E2E9EE}
		{7BB93B60-FA85-4B7E-A654-E46498AC2E48} = {9535172C-318B-4061-A047-DC99B3E2E9EE}
		{1454832D-B4F3-47D6-B49D-B499E4E16BC6} = {538F11D4-721D-4DEC-B491-6D2E76C6B957}
		{12FC9661-A3A4-4DC6-BE53-F391454800CF} = {80A50578-D82C-4BC7-9883-5512DB0E4627}
		{70D2C759-8999-4207-83A8-0E34156929EC} = {7E193A0C-E8A5-4F65-9B55-C9D8D66192BD}
		{E325DA17-D05F-4A83-ACAB-8C7DDBA758A0} = {5DF1A09A-AC0B-46CA-AA52-F7A60286CE43}
	EndGlobalSection
	GlobalSection(ExtensibilityGlobals) = postSolution
		SolutionGuid = {ECE18D91-4032-4B0B-913B-F7B716B58BA1}
	EndGlobalSection
EndGlobal
